
Microsoft Visual Studio Solution File, Format Version 12.00
# Visual Studio 15
VisualStudioVersion = 15.0.26124.0
MinimumVisualStudioVersion = 15.0.26124.0
Project("{FAE04EC0-301F-11D3-BF4B-00C04F79EFBC}") = "Flunt", "Flunt\Flunt.csproj", "{E5815043-13FC-4FBF-98EF-6D35A0E99E2E}"
EndProject
Project("{FAE04EC0-301F-11D3-BF4B-00C04F79EFBC}") = "Projeto", "Projeto\Projeto.csproj", "{195E31D6-39A5-4B0F-A1B9-2FBABF08CF11}"
EndProject
Project("{FAE04EC0-301F-11D3-BF4B-00C04F79EFBC}") = "Projeto.Domain", "Projeto.Domain\Projeto.Domain.csproj", "{850BD249-14AB-4B71-9A8A-5CEF27944E4F}"
EndProject
Project("{FAE04EC0-301F-11D3-BF4B-00C04F79EFBC}") = "Projeto.Shared", "Projeto.Shared\Projeto.Shared.csproj", "{13732A0B-5DC8-4477-A6F5-DEDD2551EB3D}"
EndProject
Global
	GlobalSection(SolutionConfigurationPlatforms) = preSolution
		Debug|Any CPU = Debug|Any CPU
		Debug|x64 = Debug|x64
		Debug|x86 = Debug|x86
		Release|Any CPU = Release|Any CPU
		Release|x64 = Release|x64
		Release|x86 = Release|x86
	EndGlobalSection
	GlobalSection(SolutionProperties) = preSolution
		HideSolutionNode = FALSE
	EndGlobalSection
	GlobalSection(ProjectConfigurationPlatforms) = postSolution
		{E5815043-13FC-4FBF-98EF-6D35A0E99E2E}.Debug|Any CPU.ActiveCfg = Debug|Any CPU
		{E5815043-13FC-4FBF-98EF-6D35A0E99E2E}.Debug|Any CPU.Build.0 = Debug|Any CPU
		{E5815043-13FC-4FBF-98EF-6D35A0E99E2E}.Debug|x64.ActiveCfg = Debug|Any CPU
		{E5815043-13FC-4FBF-98EF-6D35A0E99E2E}.Debug|x64.Build.0 = Debug|Any CPU
		{E5815043-13FC-4FBF-98EF-6D35A0E99E2E}.Debug|x86.ActiveCfg = Debug|Any CPU
		{E5815043-13FC-4FBF-98EF-6D35A0E99E2E}.Debug|x86.Build.0 = Debug|Any CPU
		{E5815043-13FC-4FBF-98EF-6D35A0E99E2E}.Release|Any CPU.ActiveCfg = Release|Any CPU
		{E5815043-13FC-4FBF-98EF-6D35A0E99E2E}.Release|Any CPU.Build.0 = Release|Any CPU
		{E5815043-13FC-4FBF-98EF-6D35A0E99E2E}.Release|x64.ActiveCfg = Release|Any CPU
		{E5815043-13FC-4FBF-98EF-6D35A0E99E2E}.Release|x64.Build.0 = Release|Any CPU
		{E5815043-13FC-4FBF-98EF-6D35A0E99E2E}.Release|x86.ActiveCfg = Release|Any CPU
		{E5815043-13FC-4FBF-98EF-6D35A0E99E2E}.Release|x86.Build.0 = Release|Any CPU
		{195E31D6-39A5-4B0F-A1B9-2FBABF08CF11}.Debug|Any CPU.ActiveCfg = Debug|Any CPU
		{195E31D6-39A5-4B0F-A1B9-2FBABF08CF11}.Debug|Any CPU.Build.0 = Debug|Any CPU
		{195E31D6-39A5-4B0F-A1B9-2FBABF08CF11}.Debug|x64.ActiveCfg = Debug|Any CPU
		{195E31D6-39A5-4B0F-A1B9-2FBABF08CF11}.Debug|x64.Build.0 = Debug|Any CPU
		{195E31D6-39A5-4B0F-A1B9-2FBABF08CF11}.Debug|x86.ActiveCfg = Debug|Any CPU
		{195E31D6-39A5-4B0F-A1B9-2FBABF08CF11}.Debug|x86.Build.0 = Debug|Any CPU
		{195E31D6-39A5-4B0F-A1B9-2FBABF08CF11}.Release|Any CPU.ActiveCfg = Release|Any CPU
		{195E31D6-39A5-4B0F-A1B9-2FBABF08CF11}.Release|Any CPU.Build.0 = Release|Any CPU
		{195E31D6-39A5-4B0F-A1B9-2FBABF08CF11}.Release|x64.ActiveCfg = Release|Any CPU
		{195E31D6-39A5-4B0F-A1B9-2FBABF08CF11}.Release|x64.Build.0 = Release|Any CPU
		{195E31D6-39A5-4B0F-A1B9-2FBABF08CF11}.Release|x86.ActiveCfg = Release|Any CPU
		{195E31D6-39A5-4B0F-A1B9-2FBABF08CF11}.Release|x86.Build.0 = Release|Any CPU
		{850BD249-14AB-4B71-9A8A-5CEF27944E4F}.Debug|Any CPU.ActiveCfg = Debug|Any CPU
		{850BD249-14AB-4B71-9A8A-5CEF27944E4F}.Debug|Any CPU.Build.0 = Debug|Any CPU
		{850BD249-14AB-4B71-9A8A-5CEF27944E4F}.Debug|x64.ActiveCfg = Debug|Any CPU
		{850BD249-14AB-4B71-9A8A-5CEF27944E4F}.Debug|x64.Build.0 = Debug|Any CPU
		{850BD249-14AB-4B71-9A8A-5CEF27944E4F}.Debug|x86.ActiveCfg = Debug|Any CPU
		{850BD249-14AB-4B71-9A8A-5CEF27944E4F}.Debug|x86.Build.0 = Debug|Any CPU
		{850BD249-14AB-4B71-9A8A-5CEF27944E4F}.Release|Any CPU.ActiveCfg = Release|Any CPU
		{850BD249-14AB-4B71-9A8A-5CEF27944E4F}.Release|Any CPU.Build.0 = Release|Any CPU
		{850BD249-14AB-4B71-9A8A-5CEF27944E4F}.Release|x64.ActiveCfg = Release|Any CPU
		{850BD249-14AB-4B71-9A8A-5CEF27944E4F}.Release|x64.Build.0 = Release|Any CPU
		{850BD249-14AB-4B71-9A8A-5CEF27944E4F}.Release|x86.ActiveCfg = Release|Any CPU
		{850BD249-14AB-4B71-9A8A-5CEF27944E4F}.Release|x86.Build.0 = Release|Any CPU
		{13732A0B-5DC8-4477-A6F5-DEDD2551EB3D}.Debug|Any CPU.ActiveCfg = Debug|Any CPU
		{13732A0B-5DC8-4477-A6F5-DEDD2551EB3D}.Debug|Any CPU.Build.0 = Debug|Any CPU
		{13732A0B-5DC8-4477-A6F5-DEDD2551EB3D}.Debug|x64.ActiveCfg = Debug|Any CPU
		{13732A0B-5DC8-4477-A6F5-DEDD2551EB3D}.Debug|x64.Build.0 = Debug|Any CPU
		{13732A0B-5DC8-4477-A6F5-DEDD2551EB3D}.Debug|x86.ActiveCfg = Debug|Any CPU
		{13732A0B-5DC8-4477-A6F5-DEDD2551EB3D}.Debug|x86.Build.0 = Debug|Any CPU
		{13732A0B-5DC8-4477-A6F5-DEDD2551EB3D}.Release|Any CPU.ActiveCfg = Release|Any CPU
		{13732A0B-5DC8-4477-A6F5-DEDD2551EB3D}.Release|Any CPU.Build.0 = Release|Any CPU
		{13732A0B-5DC8-4477-A6F5-DEDD2551EB3D}.Release|x64.ActiveCfg = Release|Any CPU
		{13732A0B-5DC8-4477-A6F5-DEDD2551EB3D}.Release|x64.Build.0 = Release|Any CPU
		{13732A0B-5DC8-4477-A6F5-DEDD2551EB3D}.Release|x86.ActiveCfg = Release|Any CPU
		{13732A0B-5DC8-4477-A6F5-DEDD2551EB3D}.Release|x86.Build.0 = Release|Any CPU
	EndGlobalSection
EndGlobal
